
Microsoft Visual Studio Solution File, Format Version 12.00
# Visual Studio Version 17
VisualStudioVersion = 17.3.32825.248
MinimumVisualStudioVersion = 10.0.40219.1
Project("{FAE04EC0-301F-11D3-BF4B-00C04F79EFBC}") = "Ejercicio1_Nombre", "Ejercicio1_Nombre.csproj", "{4D53D851-D877-4FAE-A645-F50A966E92A1}"
EndProject
Global
	GlobalSection(SolutionConfigurationPlatforms) = preSolution
		Debug|Any CPU = Debug|Any CPU
		Release|Any CPU = Release|Any CPU
	EndGlobalSection
	GlobalSection(ProjectConfigurationPlatforms) = postSolution
		{4D53D851-D877-4FAE-A645-F50A966E92A1}.Debug|Any CPU.ActiveCfg = Debug|Any CPU
		{4D53D851-D877-4FAE-A645-F50A966E92A1}.Debug|Any CPU.Build.0 = Debug|Any CPU
		{4D53D851-D877-4FAE-A645-F50A966E92A1}.Release|Any CPU.ActiveCfg = Release|Any CPU
		{4D53D851-D877-4FAE-A645-F50A966E92A1}.Release|Any CPU.Build.0 = Release|Any CPU
	EndGlobalSection
	GlobalSection(SolutionProperties) = preSolution
		HideSolutionNode = FALSE
	EndGlobalSection
	GlobalSection(ExtensibilityGlobals) = postSolution
		SolutionGuid = {CFF2D287-1B85-45C0-8FBC-3CA47ADDD2C9}
	EndGlobalSection
EndGlobal
